{
  "nodes": {
    "emacs-overlay": {
      "locked": {
        "lastModified": 1647882666,
        "narHash": "sha256-/2i4GaXFGfWe8x2zqrSiLiY74bUZJPnz/Y86j2CnJDM=",
        "owner": "nix-community",
        "repo": "emacs-overlay",
        "rev": "d6c1c93815604507fc3a0d5faed445569b1672bb",
        "type": "github"
      },
      "original": {
        "owner": "nix-community",
        "repo": "emacs-overlay",
        "type": "github"
      }
    },
    "home-manager": {
      "inputs": {
        "nixpkgs": [
          "nixpkgs"
        ]
      },
      "locked": {
        "lastModified": 1647821523,
        "narHash": "sha256-NAIY357pAOcxK6bAt83kKEJ2LxZhLCiPIlmQ2iTQbk4=",
        "owner": "nix-community",
        "repo": "home-manager",
        "rev": "835797f3a4a59459a316ae8d4ab91fa59faf61a4",
        "type": "github"
      },
      "original": {
        "owner": "nix-community",
        "repo": "home-manager",
        "type": "github"
      }
    },
    "lowdown-src": {
      "flake": false,
      "locked": {
        "lastModified": 1598695561,
        "narHash": "sha256-gyH/5j+h/nWw0W8AcR2WKvNBUsiQ7QuxqSJNXAwV+8E=",
        "owner": "kristapsdz",
        "repo": "lowdown",
        "rev": "1705b4a26fbf065d9574dce47a94e8c7c79e052f",
        "type": "github"
      },
      "original": {
        "owner": "kristapsdz",
        "repo": "lowdown",
        "type": "github"
      }
    },
    "nix": {
      "inputs": {
        "lowdown-src": "lowdown-src",
        "nixpkgs": "nixpkgs_2"
      },
      "locked": {
        "lastModified": 1609520816,
        "narHash": "sha256-IGO7tfJXsv9u2wpW76VCzOsHYapRZqH9pHGVsoffPrI=",
        "owner": "NixOS",
        "repo": "nix",
        "rev": "8a2ce0f455da32bc20978e68c0aad9efb4560abc",
        "type": "github"
      },
      "original": {
        "id": "nix",
        "type": "indirect"
      }
    },
    "nixpkgs": {
      "locked": {
        "lastModified": 1647800324,
        "narHash": "sha256-rjwoxrk16zfrcO5Torh6CbAd5GHsHrXw+EwxOvh9AUI=",
        "owner": "nixos",
        "repo": "nixpkgs",
        "rev": "9bc841fec1c0e8b9772afa29f934d2c7ce57da8e",
        "type": "github"
      },
      "original": {
        "owner": "nixos",
        "ref": "nixos-unstable",
        "repo": "nixpkgs",
        "type": "github"
      }
    },
    "nixpkgs_2": {
      "locked": {
        "lastModified": 1602702596,
        "narHash": "sha256-fqJ4UgOb4ZUnCDIapDb4gCrtAah5Rnr2/At3IzMitig=",
        "owner": "NixOS",
        "repo": "nixpkgs",
        "rev": "ad0d20345219790533ebe06571f82ed6b034db31",
        "type": "github"
      },
      "original": {
        "id": "nixpkgs",
        "ref": "nixos-20.09-small",
        "type": "indirect"
      }
    },
    "nixpkgs_3": {
      "locked": {
        "lastModified": 1611413872,
        "narHash": "sha256-nD9e3f9P+YQ1qDSHdRXIAor40eqANBv1o03zGvpJsnM=",
        "owner": "NixOS",
        "repo": "nixpkgs",
        "rev": "fe08be60cb84148a3dba29cfdb090fa185cacdaa",
        "type": "github"
      },
      "original": {
        "owner": "NixOS",
        "ref": "nixos-20.09",
        "repo": "nixpkgs",
        "type": "github"
      }
    },
    "nur": {
      "locked": {
        "lastModified": 1647882409,
        "narHash": "sha256-IQ7tpSMHS6NuYBUKVEO5hu5xIrF2CMtHewRlIX19moA=",
        "owner": "nix-community",
        "repo": "NUR",
        "rev": "f471057f226725397c4f423cf230c543e0a2d9ea",
        "type": "github"
      },
      "original": {
        "owner": "nix-community",
        "repo": "NUR",
        "type": "github"
      }
    },
    "root": {
      "inputs": {
        "emacs-overlay": "emacs-overlay",
        "home-manager": "home-manager",
        "nixpkgs": "nixpkgs",
        "nur": "nur",
        "ssbm": "ssbm"
      }
    },
    "slippi-desktop": {
      "flake": false,
      "locked": {
        "lastModified": 1607036060,
        "narHash": "sha256-TUYsiVvKAws3N3roZYDwkLB0obyl6zwvh8CAk2RwHrY=",
        "owner": "project-slippi",
        "repo": "slippi-desktop-app",
        "rev": "3ca39ba6bbd02157515b12a79aa01e5d669ad1b1",
        "type": "github"
      },
      "original": {
        "owner": "project-slippi",
        "repo": "slippi-desktop-app",
        "type": "github"
      }
    },
    "ssbm": {
      "inputs": {
        "nix": "nix",
        "nixpkgs": "nixpkgs_3",
        "slippi-desktop": "slippi-desktop"
      },
      "locked": {
        "lastModified": 1646713601,
        "narHash": "sha256-bx6SnEjXcW3BGqeevOyAxZDvnp7Prk9GXFEuf8/wIUA=",
        "type": "git",
        "url": "file:///home/gavin/src/ssbm-nix"
      },
      "original": {
        "type": "git",
        "url": "file:///home/gavin/src/ssbm-nix"
      }
    }
  },
  "root": "root",
  "version": 7
}
