{
  "nodes": {
    "emacs-overlay": {
      "locked": {
        "lastModified": 1637027238,
        "narHash": "sha256-Ob3nKcvMdBALeBkZXaDtLIfGloJ1srH4pY5lrGQCIWE=",
        "owner": "nix-community",
        "repo": "emacs-overlay",
        "rev": "f01c9352ea15574602234feea5b4dc25df26a77a",
        "type": "github"
      },
      "original": {
        "owner": "nix-community",
        "repo": "emacs-overlay",
        "type": "github"
      }
    },
    "home-manager": {
      "inputs": {
        "nixpkgs": [
          "nixpkgs"
        ]
      },
      "locked": {
        "lastModified": 1637010045,
        "narHash": "sha256-EzA+Iu2c8N1i3K8jouZSuyMOOeR1glFZSW9ZgqmPH54=",
        "owner": "nix-community",
        "repo": "home-manager",
        "rev": "a7c5b00d44f65efd1e8ace2c02243f179e72283a",
        "type": "github"
      },
      "original": {
        "owner": "nix-community",
        "repo": "home-manager",
        "type": "github"
      }
    },
    "nixpkgs": {
      "locked": {
        "lastModified": 1637030679,
        "narHash": "sha256-PbajjZNGL5Nmq0rD7nxqfKNLzj5lOH6JRoy7bGDo9ls=",
        "owner": "nixos",
        "repo": "nixpkgs",
        "rev": "c19d0ed02b81ad73ed5c8f466a869c2ee3d7a453",
        "type": "github"
      },
      "original": {
        "owner": "nixos",
        "ref": "master",
        "repo": "nixpkgs",
        "type": "github"
      }
    },
    "nur": {
      "locked": {
        "lastModified": 1637030746,
        "narHash": "sha256-G4GKz+wI7qyvmW7glMTL07KEs9E8KKme2TUz+3DINwo=",
        "owner": "nix-community",
        "repo": "NUR",
        "rev": "747d2a1bf3650d271e11a6a9b33373baf73aacf3",
        "type": "github"
      },
      "original": {
        "owner": "nix-community",
        "repo": "NUR",
        "type": "github"
      }
    },
    "root": {
      "inputs": {
        "emacs-overlay": "emacs-overlay",
        "home-manager": "home-manager",
        "nixpkgs": "nixpkgs",
        "nur": "nur"
      }
    }
  },
  "root": "root",
  "version": 7
}
