{
  "nodes": {
    "discocss": {
      "flake": false,
      "locked": {
        "lastModified": 1691552164,
        "narHash": "sha256-IPJP/HGB/m4zE0fX2Dxk1gEjKmP+hPA8oKGEInxMLKg=",
        "owner": "floyza",
        "repo": "discocss",
        "rev": "85ca0c377884ea568d39cf38178a699f05fa268f",
        "type": "github"
      },
      "original": {
        "owner": "floyza",
        "ref": "discord-bugfix",
        "repo": "discocss",
        "type": "github"
      }
    },
    "emacs-overlay": {
      "inputs": {
        "flake-utils": "flake-utils",
        "nixpkgs": [
          "nixpkgs"
        ],
        "nixpkgs-stable": "nixpkgs-stable"
      },
      "locked": {
        "lastModified": 1693822774,
        "narHash": "sha256-eLfqr0BHG8bl4S0o95jD6DxA/j5RXkhwQNsChkiK4JM=",
        "owner": "nix-community",
        "repo": "emacs-overlay",
        "rev": "cbdbd45697307d0e2d2a58e446953080da590b12",
        "type": "github"
      },
      "original": {
        "owner": "nix-community",
        "repo": "emacs-overlay",
        "type": "github"
      }
    },
    "flake-utils": {
      "inputs": {
        "systems": "systems"
      },
      "locked": {
        "lastModified": 1692799911,
        "narHash": "sha256-3eihraek4qL744EvQXsK1Ha6C3CR7nnT8X2qWap4RNk=",
        "owner": "numtide",
        "repo": "flake-utils",
        "rev": "f9e7cf818399d17d347f847525c5a5a8032e4e44",
        "type": "github"
      },
      "original": {
        "owner": "numtide",
        "repo": "flake-utils",
        "type": "github"
      }
    },
    "home-manager": {
      "inputs": {
        "nixpkgs": [
          "nixpkgs"
        ]
      },
      "locked": {
        "lastModified": 1693208669,
        "narHash": "sha256-hHFaaUsZ860wvppPeiu7nJn/nXZjJfnqAQEu9SPFE9I=",
        "owner": "nix-community",
        "repo": "home-manager",
        "rev": "5bac4a1c06cd77cf8fc35a658ccb035a6c50cd2c",
        "type": "github"
      },
      "original": {
        "owner": "nix-community",
        "ref": "release-23.05",
        "repo": "home-manager",
        "type": "github"
      }
    },
    "lowdown-src": {
      "flake": false,
      "locked": {
        "lastModified": 1598695561,
        "narHash": "sha256-gyH/5j+h/nWw0W8AcR2WKvNBUsiQ7QuxqSJNXAwV+8E=",
        "owner": "kristapsdz",
        "repo": "lowdown",
        "rev": "1705b4a26fbf065d9574dce47a94e8c7c79e052f",
        "type": "github"
      },
      "original": {
        "owner": "kristapsdz",
        "repo": "lowdown",
        "type": "github"
      }
    },
    "nix": {
      "inputs": {
        "lowdown-src": "lowdown-src",
        "nixpkgs": "nixpkgs_2"
      },
      "locked": {
        "lastModified": 1609520816,
        "narHash": "sha256-IGO7tfJXsv9u2wpW76VCzOsHYapRZqH9pHGVsoffPrI=",
        "owner": "NixOS",
        "repo": "nix",
        "rev": "8a2ce0f455da32bc20978e68c0aad9efb4560abc",
        "type": "github"
      },
      "original": {
        "id": "nix",
        "type": "indirect"
      }
    },
    "nixpkgs": {
      "locked": {
        "lastModified": 1693771906,
        "narHash": "sha256-32EnPCaVjOiEERZ+o/2Ir7JH9pkfwJZJ27SKHNvt4yk=",
        "owner": "nixos",
        "repo": "nixpkgs",
        "rev": "da5adce0ffaff10f6d0fee72a02a5ed9d01b52fc",
        "type": "github"
      },
      "original": {
        "owner": "nixos",
        "ref": "nixos-23.05",
        "repo": "nixpkgs",
        "type": "github"
      }
    },
    "nixpkgs-master": {
      "locked": {
        "lastModified": 1693839662,
        "narHash": "sha256-acMrCVOqKB8xDtWMRdFlksQH9qdKPNEdnWYFCw6+Rwg=",
        "owner": "nixos",
        "repo": "nixpkgs",
        "rev": "48992ab9b6173baa5a39f93d06c81f22c42920e8",
        "type": "github"
      },
      "original": {
        "owner": "nixos",
        "ref": "master",
        "repo": "nixpkgs",
        "type": "github"
      }
    },
    "nixpkgs-stable": {
      "locked": {
        "lastModified": 1693636127,
        "narHash": "sha256-ZlS/lFGzK7BJXX2YVGnP3yZi3T9OLOEtBCyMJsb91U8=",
        "owner": "NixOS",
        "repo": "nixpkgs",
        "rev": "9075cba53e86dc318d159aee55dc9a7c9a4829c1",
        "type": "github"
      },
      "original": {
        "owner": "NixOS",
        "ref": "nixos-23.05",
        "repo": "nixpkgs",
        "type": "github"
      }
    },
    "nixpkgs_2": {
      "locked": {
        "lastModified": 1602702596,
        "narHash": "sha256-fqJ4UgOb4ZUnCDIapDb4gCrtAah5Rnr2/At3IzMitig=",
        "owner": "NixOS",
        "repo": "nixpkgs",
        "rev": "ad0d20345219790533ebe06571f82ed6b034db31",
        "type": "github"
      },
      "original": {
        "id": "nixpkgs",
        "ref": "nixos-20.09-small",
        "type": "indirect"
      }
    },
    "nixpkgs_3": {
      "locked": {
        "lastModified": 1672791794,
        "narHash": "sha256-mqGPpGmwap0Wfsf3o2b6qHJW1w2kk/I6cGCGIU+3t6o=",
        "owner": "NixOS",
        "repo": "nixpkgs",
        "rev": "9813adc7f7c0edd738c6bdd8431439688bb0cb3d",
        "type": "github"
      },
      "original": {
        "owner": "NixOS",
        "ref": "nixos-unstable",
        "repo": "nixpkgs",
        "type": "github"
      }
    },
    "nur": {
      "locked": {
        "lastModified": 1693839735,
        "narHash": "sha256-Spj3mRa7JCoobi/dRMWoQca0rTxXtlvMtiTz+fUT/9Y=",
        "owner": "nix-community",
        "repo": "NUR",
        "rev": "91f33352d75e22be263accbf27ca49970ec200ab",
        "type": "github"
      },
      "original": {
        "owner": "nix-community",
        "repo": "NUR",
        "type": "github"
      }
    },
    "root": {
      "inputs": {
        "discocss": "discocss",
        "emacs-overlay": "emacs-overlay",
        "home-manager": "home-manager",
        "nixpkgs": "nixpkgs",
        "nixpkgs-master": "nixpkgs-master",
        "nur": "nur",
        "secrets": "secrets",
        "ssbm": "ssbm"
      }
    },
    "secrets": {
      "flake": false,
      "locked": {
        "lastModified": 1653504499,
        "narHash": "sha256-lZWmkilE6rLKsj6sb+fF6BoAPXhtJlMRje17d26jCwc=",
        "path": "/home/gavin/src/dotfiles/secrets",
        "type": "path"
      },
      "original": {
        "path": "/home/gavin/src/dotfiles/secrets",
        "type": "path"
      }
    },
    "slippi-desktop": {
      "flake": false,
      "locked": {
        "lastModified": 1607036060,
        "narHash": "sha256-TUYsiVvKAws3N3roZYDwkLB0obyl6zwvh8CAk2RwHrY=",
        "owner": "project-slippi",
        "repo": "slippi-desktop-app",
        "rev": "3ca39ba6bbd02157515b12a79aa01e5d669ad1b1",
        "type": "github"
      },
      "original": {
        "owner": "project-slippi",
        "repo": "slippi-desktop-app",
        "type": "github"
      }
    },
    "ssbm": {
      "inputs": {
        "nix": "nix",
        "nixpkgs": "nixpkgs_3",
        "slippi-desktop": "slippi-desktop"
      },
      "locked": {
        "lastModified": 1682113355,
        "narHash": "sha256-JMoUDgbmda30IlgbXsM54i8rXDHlbDeDKKlDglb7nRk=",
        "owner": "jumper149",
        "repo": "ssbm-nix",
        "rev": "250b800c3693f33691d847ce12361b0feec8775e",
        "type": "github"
      },
      "original": {
        "owner": "jumper149",
        "ref": "mbedtls2",
        "repo": "ssbm-nix",
        "type": "github"
      }
    },
    "systems": {
      "locked": {
        "lastModified": 1681028828,
        "narHash": "sha256-Vy1rq5AaRuLzOxct8nz4T6wlgyUR7zLU309k9mBC768=",
        "owner": "nix-systems",
        "repo": "default",
        "rev": "da67096a3b9bf56a91d16901293e51ba5b49a27e",
        "type": "github"
      },
      "original": {
        "owner": "nix-systems",
        "repo": "default",
        "type": "github"
      }
    }
  },
  "root": "root",
  "version": 7
}
